PODS:
  - Alamofire (4.7.2)
  - AlamofireImage (3.4.1):
    - Alamofire (~> 4.7)
  - FlagPhoneNumber (0.7.1):
    - libPhoneNumber-iOS
  - libPhoneNumber-iOS (0.9.13)
  - PhoneNumberKit (2.1.0):
    - PhoneNumberKit/PhoneNumberKitCore (= 2.1.0)
    - PhoneNumberKit/UIKit (= 2.1.0)
  - PhoneNumberKit/PhoneNumberKitCore (2.1.0)
  - PhoneNumberKit/UIKit (2.1.0):
    - PhoneNumberKit/PhoneNumberKitCore

DEPENDENCIES:
  - Alamofire
  - AlamofireImage
  - FlagPhoneNumber
  - PhoneNumberKit

SPEC REPOS:
  https://github.com/cocoapods/specs.git:
    - Alamofire
    - AlamofireImage
    - FlagPhoneNumber
    - libPhoneNumber-iOS
    - PhoneNumberKit

SPEC CHECKSUMS:
  Alamofire: e4fa87002c137ba2d8d634d2c51fabcda0d5c223
  AlamofireImage: 78d67ccbb763d87ba44b21583d2153500a195630
  FlagPhoneNumber: d1ca8296b3d7f29b505dc55bfd1608d411c9d636
  libPhoneNumber-iOS: e444379ac18bbfbdefad571da735b2cd7e096caa
  PhoneNumberKit: 62003f40ff75315fd3738286558bc365365ac222

PODFILE CHECKSUM: f3b24d612e4e0ee2d7263c2b2c91f339db71acd8

COCOAPODS: 1.5.3
